{
  "object": {
    "pins": [
      {
        "package": "savannakit",
        "repositoryURL": "https://github.com/eecollante10/savannakit.git",
        "state": {
          "branch": null,
          "revision": "e3ed31d21a16e5d5950abce7cf2344dff4ff3e5b",
          "version": "0.10.4"
        }
      }
    ]
  },
  "version": 1
}
